
Microsoft Visual Studio Solution File, Format Version 12.00
# Visual Studio Version 17
VisualStudioVersion = 17.2.32516.85
MinimumVisualStudioVersion = 10.0.40219.1
Project("{FAE04EC0-301F-11D3-BF4B-00C04F79EFBC}") = "SortedListApp", "SortedListApp\SortedListApp.csproj", "{85980D9A-789D-4D26-828D-BCD421D027A0}"
EndProject
Global
	GlobalSection(SolutionConfigurationPlatforms) = preSolution
		Debug|Any CPU = Debug|Any CPU
		Release|Any CPU = Release|Any CPU
	EndGlobalSection
	GlobalSection(ProjectConfigurationPlatforms) = postSolution
		{85980D9A-789D-4D26-828D-BCD421D027A0}.Debug|Any CPU.ActiveCfg = Debug|Any CPU
		{85980D9A-789D-4D26-828D-BCD421D027A0}.Debug|Any CPU.Build.0 = Debug|Any CPU
		{85980D9A-789D-4D26-828D-BCD421D027A0}.Release|Any CPU.ActiveCfg = Release|Any CPU
		{85980D9A-789D-4D26-828D-BCD421D027A0}.Release|Any CPU.Build.0 = Release|Any CPU
	EndGlobalSection
	GlobalSection(SolutionProperties) = preSolution
		HideSolutionNode = FALSE
	EndGlobalSection
	GlobalSection(ExtensibilityGlobals) = postSolution
		SolutionGuid = {3977976D-D72B-43D3-9306-86B80BE1C561}
	EndGlobalSection
EndGlobal
